PODS:
  - AsyncDisplayKit (1.9.3):
    - AsyncDisplayKit/ASDealloc2MainObject (= 1.9.3)
  - AsyncDisplayKit/ASDealloc2MainObject (1.9.3)

DEPENDENCIES:
  - AsyncDisplayKit (from `https://github.com/facebook/AsyncDisplayKit.git`)

EXTERNAL SOURCES:
  AsyncDisplayKit:
    :git: https://github.com/facebook/AsyncDisplayKit.git

CHECKOUT OPTIONS:
  AsyncDisplayKit:
    :commit: ca11efb1871a700a6bda53b44e6891fb2da3badf
    :git: https://github.com/facebook/AsyncDisplayKit.git

SPEC CHECKSUMS:
  AsyncDisplayKit: 87d340329280dba0363da3587a43f9d1bbe62aac

COCOAPODS: 0.39.0
