// !$*UTF8*$!
{
	archiveVersion = 1;
	classes = {
	};
	objectVersion = 46;
	objects = {

/* Begin PBXBuildFile section */
		52814C0F1C24AE6000B5A2D0 /* AppDelegate.swift in Sources */ = {isa = PBXBuildFile; fileRef = 52814C0E1C24AE6000B5A2D0 /* AppDelegate.swift */; };
		52814C111C24AE6000B5A2D0 /* ViewController.swift in Sources */ = {isa = PBXBuildFile; fileRef = 52814C101C24AE6000B5A2D0 /* ViewController.swift */; };
		52814C141C24AE6000B5A2D0 /* Main.storyboard in Resources */ = {isa = PBXBuildFile; fileRef = 52814C121C24AE6000B5A2D0 /* Main.storyboard */; };
		52814C161C24AE6000B5A2D0 /* Assets.xcassets in Resources */ = {isa = PBXBuildFile; fileRef = 52814C151C24AE6000B5A2D0 /* Assets.xcassets */; };
		52814C191C24AE6000B5A2D0 /* LaunchScreen.storyboard in Resources */ = {isa = PBXBuildFile; fileRef = 52814C171C24AE6000B5A2D0 /* LaunchScreen.storyboard */; };
/* End PBXBuildFile section */

/* Begin PBXFileReference section */
		52814C0B1C24AE6000B5A2D0 /* ADKTest.app */ = {isa = PBXFileReference; explicitFileType = wrapper.application; includeInIndex = 0; path = ADKTest.app; sourceTree = BUILT_PRODUCTS_DIR; };
		52814C0E1C24AE6000B5A2D0 /* AppDelegate.swift */ = {isa = PBXFileReference; lastKnownFileType = sourcecode.swift; path = AppDelegate.swift; sourceTree = "<group>"; };
		52814C101C24AE6000B5A2D0 /* ViewController.swift */ = {isa = PBXFileReference; lastKnownFileType = sourcecode.swift; path = ViewController.swift; sourceTree = "<group>"; };
		52814C131C24AE6000B5A2D0 /* Base */ = {isa = PBXFileReference; lastKnownFileType = file.storyboard; name = Base; path = Base.lproj/Main.storyboard; sourceTree = "<group>"; };
		52814C151C24AE6000B5A2D0 /* Assets.xcassets */ = {isa = PBXFileReference; lastKnownFileType = folder.assetcatalog; path = Assets.xcassets; sourceTree = "<group>"; };
		52814C181C24AE6000B5A2D0 /* Base */ = {isa = PBXFileReference; lastKnownFileType = file.storyboard; name = Base; path = Base.lproj/LaunchScreen.storyboard; sourceTree = "<group>"; };
		52814C1A1C24AE6000B5A2D0 /* Info.plist */ = {isa = PBXFileReference; lastKnownFileType = text.plist.xml; path = Info.plist; sourceTree = "<group>"; };
/* End PBXFileReference section */

/* Begin PBXFrameworksBuildPhase section */
		52814C081C24AE6000B5A2D0 /* Frameworks */ = {
			isa = PBXFrameworksBuildPhase;
			buildActionMask = 2147483647;
			files = (
			);
			runOnlyForDeploymentPostprocessing = 0;
		};
/* End PBXFrameworksBuildPhase section */

/* Begin PBXGroup section */
		52814C021C24AE6000B5A2D0 = {
			isa = PBXGroup;
			children = (
				52814C0D1C24AE6000B5A2D0 /* ADKTest */,
				52814C0C1C24AE6000B5A2D0 /* Products */,
			);
			sourceTree = "<group>";
		};
		52814C0C1C24AE6000B5A2D0 /* Products */ = {
			isa = PBXGroup;
			children = (
				52814C0B1C24AE6000B5A2D0 /* ADKTest.app */,
			);
			name = Products;
			sourceTree = "<group>";
		};
		52814C0D1C24AE6000B5A2D0 /* ADKTest */ = {
			isa = PBXGroup;
			children = (
				52814C0E1C24AE6000B5A2D0 /* AppDelegate.swift */,
				52814C101C24AE6000B5A2D0 /* ViewController.swift */,
				52814C121C24AE6000B5A2D0 /* Main.storyboard */,
				52814C151C24AE6000B5A2D0 /* Assets.xcassets */,
				52814C171C24AE6000B5A2D0 /* LaunchScreen.storyboard */,
				52814C1A1C24AE6000B5A2D0 /* Info.plist */,
			);
			path = ADKTest;
			sourceTree = "<group>";
		};
/* End PBXGroup section */

/* Begin PBXNativeTarget section */
		52814C0A1C24AE6000B5A2D0 /* ADKTest */ = {
			isa = PBXNativeTarget;
			buildConfigurationList = 52814C1D1C24AE6000B5A2D0 /* Build configuration list for PBXNativeTarget "ADKTest" */;
			buildPhases = (
				52814C071C24AE6000B5A2D0 /* Sources */,
				52814C081C24AE6000B5A2D0 /* Frameworks */,
				52814C091C24AE6000B5A2D0 /* Resources */,
			);
			buildRules = (
			);
			dependencies = (
			);
			name = ADKTest;
			productName = ADKTest;
			productReference = 52814C0B1C24AE6000B5A2D0 /* ADKTest.app */;
			productType = "com.apple.product-type.application";
		};
/* End PBXNativeTarget section */

/* Begin PBXProject section */
		52814C031C24AE6000B5A2D0 /* Project object */ = {
			isa = PBXProject;
			attributes = {
				LastSwiftUpdateCheck = 0720;
				LastUpgradeCheck = 0720;
				ORGANIZATIONNAME = "John Tumminaro";
				TargetAttributes = {
					52814C0A1C24AE6000B5A2D0 = {
						CreatedOnToolsVersion = 7.2;
					};
				};
			};
			buildConfigurationList = 52814C061C24AE6000B5A2D0 /* Build configuration list for PBXProject "ADKTest" */;
			compatibilityVersion = "Xcode 3.2";
			developmentRegion = English;
			hasScannedForEncodings = 0;
			knownRegions = (
				en,
				Base,
			);
			mainGroup = 52814C021C24AE6000B5A2D0;
			productRefGroup = 52814C0C1C24AE6000B5A2D0 /* Products */;
			projectDirPath = "";
			projectRoot = "";
			targets = (
				52814C0A1C24AE6000B5A2D0 /* ADKTest */,
			);
		};
/* End PBXProject section */

/* Begin PBXResourcesBuildPhase section */
		52814C091C24AE6000B5A2D0 /* Resources */ = {
			isa = PBXResourcesBuildPhase;
			buildActionMask = 2147483647;
			files = (
				52814C191C24AE6000B5A2D0 /* LaunchScreen.storyboard in Resources */,
				52814C161C24AE6000B5A2D0 /* Assets.xcassets in Resources */,
				52814C141C24AE6000B5A2D0 /* Main.storyboard in Resources */,
			);
			runOnlyForDeploymentPostprocessing = 0;
		};
/* End PBXResourcesBuildPhase section */

/* Begin PBXSourcesBuildPhase section */
		52814C071C24AE6000B5A2D0 /* Sources */ = {
			isa = PBXSourcesBuildPhase;
			buildActionMask = 2147483647;
			files = (
				52814C111C24AE6000B5A2D0 /* ViewController.swift in Sources */,
				52814C0F1C24AE6000B5A2D0 /* AppDelegate.swift in Sources */,
			);
			runOnlyForDeploymentPostprocessing = 0;
		};
/* End PBXSourcesBuildPhase section */

/* Begin PBXVariantGroup section */
		52814C121C24AE6000B5A2D0 /* Main.storyboard */ = {
			isa = PBXVariantGroup;
			children = (
				52814C131C24AE6000B5A2D0 /* Base */,
			);
			name = Main.storyboard;
			sourceTree = "<group>";
		};
		52814C171C24AE6000B5A2D0 /* LaunchScreen.storyboard */ = {
			isa = PBXVariantGroup;
			children = (
				52814C181C24AE6000B5A2D0 /* Base */,
			);
			name = LaunchScreen.storyboard;
			sourceTree = "<group>";
		};
/* End PBXVariantGroup section */

/* Begin XCBuildConfiguration section */
		52814C1B1C24AE6000B5A2D0 /* Debug */ = {
			isa = XCBuildConfiguration;
			buildSettings = {
				ALWAYS_SEARCH_USER_PATHS = NO;
				CLANG_CXX_LANGUAGE_STANDARD = "gnu++0x";
				CLANG_CXX_LIBRARY = "libc++";
				CLANG_ENABLE_MODULES = YES;
				CLANG_ENABLE_OBJC_ARC = YES;
				CLANG_WARN_BOOL_CONVERSION = YES;
				CLANG_WARN_CONSTANT_CONVERSION = YES;
				CLANG_WARN_DIRECT_OBJC_ISA_USAGE = YES_ERROR;
				CLANG_WARN_EMPTY_BODY = YES;
				CLANG_WARN_ENUM_CONVERSION = YES;
				CLANG_WARN_INT_CONVERSION = YES;
				CLANG_WARN_OBJC_ROOT_CLASS = YES_ERROR;
				CLANG_WARN_UNREACHABLE_CODE = YES;
				CLANG_WARN__DUPLICATE_METHOD_MATCH = YES;
				"CODE_SIGN_IDENTITY[sdk=iphoneos*]" = "iPhone Developer";
				COPY_PHASE_STRIP = NO;
				DEBUG_INFORMATION_FORMAT = dwarf;
				ENABLE_STRICT_OBJC_MSGSEND = YES;
				ENABLE_TESTABILITY = YES;
				GCC_C_LANGUAGE_STANDARD = gnu99;
				GCC_DYNAMIC_NO_PIC = NO;
				GCC_NO_COMMON_BLOCKS = YES;
				GCC_OPTIMIZATION_LEVEL = 0;
				GCC_PREPROCESSOR_DEFINITIONS = (
					"DEBUG=1",
					"$(inherited)",
				);
				GCC_WARN_64_TO_32_BIT_CONVERSION = YES;
				GCC_WARN_ABOUT_RETURN_TYPE = YES_ERROR;
				GCC_WARN_UNDECLARED_SELECTOR = YES;
				GCC_WARN_UNINITIALIZED_AUTOS = YES_AGGRESSIVE;
				GCC_WARN_UNUSED_FUNCTION = YES;
				GCC_WARN_UNUSED_VARIABLE = YES;
				IPHONEOS_DEPLOYMENT_TARGET = 9.2;
				MTL_ENABLE_DEBUG_INFO = YES;
				ONLY_ACTIVE_ARCH = YES;
				SDKROOT = iphoneos;
				SWIFT_OPTIMIZATION_LEVEL = "-Onone";
			};
			name = Debug;
		};
		52814C1C1C24AE6000B5A2D0 /* Release */ = {
			isa = XCBuildConfiguration;
			buildSettings = {
				ALWAYS_SEARCH_USER_PATHS = NO;
				CLANG_CXX_LANGUAGE_STANDARD = "gnu++0x";
				CLANG_CXX_LIBRARY = "libc++";
				CLANG_ENABLE_MODULES = YES;
				CLANG_ENABLE_OBJC_ARC = YES;
				CLANG_WARN_BOOL_CONVERSION = YES;
				CLANG_WARN_CONSTANT_CONVERSION = YES;
				CLANG_WARN_DIRECT_OBJC_ISA_USAGE = YES_ERROR;
				CLANG_WARN_EMPTY_BODY = YES;
				CLANG_WARN_ENUM_CONVERSION = YES;
				CLANG_WARN_INT_CONVERSION = YES;
				CLANG_WARN_OBJC_ROOT_CLASS = YES_ERROR;
				CLANG_WARN_UNREACHABLE_CODE = YES;
				CLANG_WARN__DUPLICATE_METHOD_MATCH = YES;
				"CODE_SIGN_IDENTITY[sdk=iphoneos*]" = "iPhone Developer";
				COPY_PHASE_STRIP = NO;
				DEBUG_INFORMATION_FORMAT = "dwarf-with-dsym";
				ENABLE_NS_ASSERTIONS = NO;
				ENABLE_STRICT_OBJC_MSGSEND = YES;
				GCC_C_LANGUAGE_STANDARD = gnu99;
				GCC_NO_COMMON_BLOCKS = YES;
				GCC_WARN_64_TO_32_BIT_CONVERSION = YES;
				GCC_WARN_ABOUT_RETURN_TYPE = YES_ERROR;
				GCC_WARN_UNDECLARED_SELECTOR = YES;
				GCC_WARN_UNINITIALIZED_AUTOS = YES_AGGRESSIVE;
				GCC_WARN_UNUSED_FUNCTION = YES;
				GCC_WARN_UNUSED_VARIABLE = YES;
				IPHONEOS_DEPLOYMENT_TARGET = 9.2;
				MTL_ENABLE_DEBUG_INFO = NO;
				SDKROOT = iphoneos;
				VALIDATE_PRODUCT = YES;
			};
			name = Release;
		};
		52814C1E1C24AE6000B5A2D0 /* Debug */ = {
			isa = XCBuildConfiguration;
			buildSettings = {
				ASSETCATALOG_COMPILER_APPICON_NAME = AppIcon;
				INFOPLIST_FILE = ADKTest/Info.plist;
				LD_RUNPATH_SEARCH_PATHS = "$(inherited) @executable_path/Frameworks";
				PRODUCT_BUNDLE_IDENTIFIER = com.disqus.ADKTest;
				PRODUCT_NAME = "$(TARGET_NAME)";
			};
			name = Debug;
		};
		52814C1F1C24AE6000B5A2D0 /* Release */ = {
			isa = XCBuildConfiguration;
			buildSettings = {
				ASSETCATALOG_COMPILER_APPICON_NAME = AppIcon;
				INFOPLIST_FILE = ADKTest/Info.plist;
				LD_RUNPATH_SEARCH_PATHS = "$(inherited) @executable_path/Frameworks";
				PRODUCT_BUNDLE_IDENTIFIER = com.disqus.ADKTest;
				PRODUCT_NAME = "$(TARGET_NAME)";
			};
			name = Release;
		};
/* End XCBuildConfiguration section */

/* Begin XCConfigurationList section */
		52814C061C24AE6000B5A2D0 /* Build configuration list for PBXProject "ADKTest" */ = {
			isa = XCConfigurationList;
			buildConfigurations = (
				52814C1B1C24AE6000B5A2D0 /* Debug */,
				52814C1C1C24AE6000B5A2D0 /* Release */,
			);
			defaultConfigurationIsVisible = 0;
			defaultConfigurationName = Release;
		};
		52814C1D1C24AE6000B5A2D0 /* Build configuration list for PBXNativeTarget "ADKTest" */ = {
			isa = XCConfigurationList;
			buildConfigurations = (
				52814C1E1C24AE6000B5A2D0 /* Debug */,
				52814C1F1C24AE6000B5A2D0 /* Release */,
			);
			defaultConfigurationIsVisible = 0;
		};
/* End XCConfigurationList section */
	};
	rootObject = 52814C031C24AE6000B5A2D0 /* Project object */;
}
